// !$*UTF8*$!
{
	archiveVersion = 1;
	classes = {
	};
	objectVersion = 51;
	objects = {

/* Begin PBXBuildFile section */
		10E6B65A0E83E71FD70C3358 /* Pods_HHVDoctorSDK_demo.framework in Frameworks */ = {isa = PBXBuildFile; fileRef = D380CBF8B16D16ECA2F8B9EC /* Pods_HHVDoctorSDK_demo.framework */; };
		951FD76F22CEF778006CCCDB /* AppDelegate.swift in Sources */ = {isa = PBXBuildFile; fileRef = 951FD76E22CEF778006CCCDB /* AppDelegate.swift */; };
		951FD77122CEF778006CCCDB /* ViewController.swift in Sources */ = {isa = PBXBuildFile; fileRef = 951FD77022CEF778006CCCDB /* ViewController.swift */; };
		951FD77422CEF778006CCCDB /* Main.storyboard in Resources */ = {isa = PBXBuildFile; fileRef = 951FD77222CEF778006CCCDB /* Main.storyboard */; };
		951FD77622CEF77A006CCCDB /* Assets.xcassets in Resources */ = {isa = PBXBuildFile; fileRef = 951FD77522CEF77A006CCCDB /* Assets.xcassets */; };
		951FD77922CEF77A006CCCDB /* LaunchScreen.storyboard in Resources */ = {isa = PBXBuildFile; fileRef = 951FD77722CEF77A006CCCDB /* LaunchScreen.storyboard */; };
		951FD78222CEFB2C006CCCDB /* HHWebBrowser.swift in Sources */ = {isa = PBXBuildFile; fileRef = 951FD78122CEFB2C006CCCDB /* HHWebBrowser.swift */; };
		951FD78422CEFB31006CCCDB /* calling.mp3 in Resources */ = {isa = PBXBuildFile; fileRef = 951FD78322CEFB31006CCCDB /* calling.mp3 */; };
		95B84B5A230D269A00AEEDAB /* HHLogManager.swift in Sources */ = {isa = PBXBuildFile; fileRef = 95B84B59230D269A00AEEDAB /* HHLogManager.swift */; };
/* End PBXBuildFile section */

/* Begin PBXFileReference section */
		491E671FE4FA17055ECA1204 /* Pods-HHVDoctorSDK-demo.release.xcconfig */ = {isa = PBXFileReference; includeInIndex = 1; lastKnownFileType = text.xcconfig; name = "Pods-HHVDoctorSDK-demo.release.xcconfig"; path = "Target Support Files/Pods-HHVDoctorSDK-demo/Pods-HHVDoctorSDK-demo.release.xcconfig"; sourceTree = "<group>"; };
		951FD76B22CEF778006CCCDB /* HHVDoctorSDK-demo.app */ = {isa = PBXFileReference; explicitFileType = wrapper.application; includeInIndex = 0; path = "HHVDoctorSDK-demo.app"; sourceTree = BUILT_PRODUCTS_DIR; };
		951FD76E22CEF778006CCCDB /* AppDelegate.swift */ = {isa = PBXFileReference; lastKnownFileType = sourcecode.swift; path = AppDelegate.swift; sourceTree = "<group>"; };
		951FD77022CEF778006CCCDB /* ViewController.swift */ = {isa = PBXFileReference; lastKnownFileType = sourcecode.swift; path = ViewController.swift; sourceTree = "<group>"; };
		951FD77322CEF778006CCCDB /* Base */ = {isa = PBXFileReference; lastKnownFileType = file.storyboard; name = Base; path = Base.lproj/Main.storyboard; sourceTree = "<group>"; };
		951FD77522CEF77A006CCCDB /* Assets.xcassets */ = {isa = PBXFileReference; lastKnownFileType = folder.assetcatalog; path = Assets.xcassets; sourceTree = "<group>"; };
		951FD77822CEF77A006CCCDB /* Base */ = {isa = PBXFileReference; lastKnownFileType = file.storyboard; name = Base; path = Base.lproj/LaunchScreen.storyboard; sourceTree = "<group>"; };
		951FD77A22CEF77A006CCCDB /* Info.plist */ = {isa = PBXFileReference; lastKnownFileType = text.plist.xml; path = Info.plist; sourceTree = "<group>"; };
		951FD78122CEFB2C006CCCDB /* HHWebBrowser.swift */ = {isa = PBXFileReference; fileEncoding = 4; lastKnownFileType = sourcecode.swift; path = HHWebBrowser.swift; sourceTree = "<group>"; };
		951FD78322CEFB31006CCCDB /* calling.mp3 */ = {isa = PBXFileReference; lastKnownFileType = audio.mp3; path = calling.mp3; sourceTree = "<group>"; };
		95B84B59230D269A00AEEDAB /* HHLogManager.swift */ = {isa = PBXFileReference; fileEncoding = 4; lastKnownFileType = sourcecode.swift; path = HHLogManager.swift; sourceTree = "<group>"; };
		D380CBF8B16D16ECA2F8B9EC /* Pods_HHVDoctorSDK_demo.framework */ = {isa = PBXFileReference; explicitFileType = wrapper.framework; includeInIndex = 0; path = Pods_HHVDoctorSDK_demo.framework; sourceTree = BUILT_PRODUCTS_DIR; };
		D9890F6CD2FDC9D7564E765E /* Pods-HHVDoctorSDK-demo.debug.xcconfig */ = {isa = PBXFileReference; includeInIndex = 1; lastKnownFileType = text.xcconfig; name = "Pods-HHVDoctorSDK-demo.debug.xcconfig"; path = "Target Support Files/Pods-HHVDoctorSDK-demo/Pods-HHVDoctorSDK-demo.debug.xcconfig"; sourceTree = "<group>"; };
/* End PBXFileReference section */

/* Begin PBXFrameworksBuildPhase section */
		951FD76822CEF778006CCCDB /* Frameworks */ = {
			isa = PBXFrameworksBuildPhase;
			buildActionMask = 2147483647;
			files = (
				10E6B65A0E83E71FD70C3358 /* Pods_HHVDoctorSDK_demo.framework in Frameworks */,
			);
			runOnlyForDeploymentPostprocessing = 0;
		};
/* End PBXFrameworksBuildPhase section */

/* Begin PBXGroup section */
		02C8DCB980BD97AFACFE9FCE /* Frameworks */ = {
			isa = PBXGroup;
			children = (
				D380CBF8B16D16ECA2F8B9EC /* Pods_HHVDoctorSDK_demo.framework */,
			);
			name = Frameworks;
			sourceTree = "<group>";
		};
		67F709BEB68FB2C2CCCFB735 /* Pods */ = {
			isa = PBXGroup;
			children = (
				D9890F6CD2FDC9D7564E765E /* Pods-HHVDoctorSDK-demo.debug.xcconfig */,
				491E671FE4FA17055ECA1204 /* Pods-HHVDoctorSDK-demo.release.xcconfig */,
			);
			path = Pods;
			sourceTree = "<group>";
		};
		951FD76222CEF778006CCCDB = {
			isa = PBXGroup;
			children = (
				951FD76D22CEF778006CCCDB /* HHVDoctorSDK-demo */,
				951FD76C22CEF778006CCCDB /* Products */,
				67F709BEB68FB2C2CCCFB735 /* Pods */,
				02C8DCB980BD97AFACFE9FCE /* Frameworks */,
			);
			sourceTree = "<group>";
		};
		951FD76C22CEF778006CCCDB /* Products */ = {
			isa = PBXGroup;
			children = (
				951FD76B22CEF778006CCCDB /* HHVDoctorSDK-demo.app */,
			);
			name = Products;
			sourceTree = "<group>";
		};
		951FD76D22CEF778006CCCDB /* HHVDoctorSDK-demo */ = {
			isa = PBXGroup;
			children = (
				951FD78022CEFB20006CCCDB /* Utils */,
				951FD76E22CEF778006CCCDB /* AppDelegate.swift */,
				951FD77022CEF778006CCCDB /* ViewController.swift */,
				951FD77222CEF778006CCCDB /* Main.storyboard */,
				951FD77522CEF77A006CCCDB /* Assets.xcassets */,
				951FD77722CEF77A006CCCDB /* LaunchScreen.storyboard */,
				951FD77A22CEF77A006CCCDB /* Info.plist */,
			);
			path = "HHVDoctorSDK-demo";
			sourceTree = "<group>";
		};
		951FD78022CEFB20006CCCDB /* Utils */ = {
			isa = PBXGroup;
			children = (
				951FD78322CEFB31006CCCDB /* calling.mp3 */,
				951FD78122CEFB2C006CCCDB /* HHWebBrowser.swift */,
				95B84B59230D269A00AEEDAB /* HHLogManager.swift */,
			);
			path = Utils;
			sourceTree = "<group>";
		};
/* End PBXGroup section */

/* Begin PBXNativeTarget section */
		951FD76A22CEF778006CCCDB /* HHVDoctorSDK-demo */ = {
			isa = PBXNativeTarget;
			buildConfigurationList = 951FD77D22CEF77A006CCCDB /* Build configuration list for PBXNativeTarget "HHVDoctorSDK-demo" */;
			buildPhases = (
				616300EDB77499A89207979C /* [CP] Check Pods Manifest.lock */,
				951FD76722CEF778006CCCDB /* Sources */,
				951FD76822CEF778006CCCDB /* Frameworks */,
				951FD76922CEF778006CCCDB /* Resources */,
				B0A63416FEDD7C3934E36A64 /* [CP] Embed Pods Frameworks */,
				CCD72CBD9AF0838F9DF84BDC /* [CP] Copy Pods Resources */,
			);
			buildRules = (
			);
			dependencies = (
			);
			name = "HHVDoctorSDK-demo";
			productName = "HHVDoctorSDK-demo";
			productReference = 951FD76B22CEF778006CCCDB /* HHVDoctorSDK-demo.app */;
			productType = "com.apple.product-type.application";
		};
/* End PBXNativeTarget section */

/* Begin PBXProject section */
		951FD76322CEF778006CCCDB /* Project object */ = {
			isa = PBXProject;
			attributes = {
				LastSwiftUpdateCheck = 1020;
				LastUpgradeCheck = 1020;
				ORGANIZATIONNAME = shmily;
				TargetAttributes = {
					951FD76A22CEF778006CCCDB = {
						CreatedOnToolsVersion = 10.2.1;
						SystemCapabilities = {
							com.apple.BackgroundModes = {
								enabled = 1;
							};
						};
					};
				};
			};
			buildConfigurationList = 951FD76622CEF778006CCCDB /* Build configuration list for PBXProject "HHVDoctorSDK-demo" */;
			compatibilityVersion = "Xcode 9.3";
			developmentRegion = en;
			hasScannedForEncodings = 0;
			knownRegions = (
				en,
				Base,
			);
			mainGroup = 951FD76222CEF778006CCCDB;
			productRefGroup = 951FD76C22CEF778006CCCDB /* Products */;
			projectDirPath = "";
			projectRoot = "";
			targets = (
				951FD76A22CEF778006CCCDB /* HHVDoctorSDK-demo */,
			);
		};
/* End PBXProject section */

/* Begin PBXResourcesBuildPhase section */
		951FD76922CEF778006CCCDB /* Resources */ = {
			isa = PBXResourcesBuildPhase;
			buildActionMask = 2147483647;
			files = (
				951FD77922CEF77A006CCCDB /* LaunchScreen.storyboard in Resources */,
				951FD77622CEF77A006CCCDB /* Assets.xcassets in Resources */,
				951FD77422CEF778006CCCDB /* Main.storyboard in Resources */,
				951FD78422CEFB31006CCCDB /* calling.mp3 in Resources */,
			);
			runOnlyForDeploymentPostprocessing = 0;
		};
/* End PBXResourcesBuildPhase section */

/* Begin PBXShellScriptBuildPhase section */
		616300EDB77499A89207979C /* [CP] Check Pods Manifest.lock */ = {
			isa = PBXShellScriptBuildPhase;
			buildActionMask = 2147483647;
			files = (
			);
			inputFileListPaths = (
			);
			inputPaths = (
				"${PODS_PODFILE_DIR_PATH}/Podfile.lock",
				"${PODS_ROOT}/Manifest.lock",
			);
			name = "[CP] Check Pods Manifest.lock";
			outputFileListPaths = (
			);
			outputPaths = (
				"$(DERIVED_FILE_DIR)/Pods-HHVDoctorSDK-demo-checkManifestLockResult.txt",
			);
			runOnlyForDeploymentPostprocessing = 0;
			shellPath = /bin/sh;
			shellScript = "diff \"${PODS_PODFILE_DIR_PATH}/Podfile.lock\" \"${PODS_ROOT}/Manifest.lock\" > /dev/null\nif [ $? != 0 ] ; then\n    # print error to STDERR\n    echo \"error: The sandbox is not in sync with the Podfile.lock. Run 'pod install' or update your CocoaPods installation.\" >&2\n    exit 1\nfi\n# This output is used by Xcode 'outputs' to avoid re-running this script phase.\necho \"SUCCESS\" > \"${SCRIPT_OUTPUT_FILE_0}\"\n";
			showEnvVarsInLog = 0;
		};
		B0A63416FEDD7C3934E36A64 /* [CP] Embed Pods Frameworks */ = {
			isa = PBXShellScriptBuildPhase;
			buildActionMask = 2147483647;
			files = (
			);
			inputFileListPaths = (
				"${PODS_ROOT}/Target Support Files/Pods-HHVDoctorSDK-demo/Pods-HHVDoctorSDK-demo-frameworks-${CONFIGURATION}-input-files.xcfilelist",
			);
			name = "[CP] Embed Pods Frameworks";
			outputFileListPaths = (
				"${PODS_ROOT}/Target Support Files/Pods-HHVDoctorSDK-demo/Pods-HHVDoctorSDK-demo-frameworks-${CONFIGURATION}-output-files.xcfilelist",
			);
			runOnlyForDeploymentPostprocessing = 0;
			shellPath = /bin/sh;
			shellScript = "\"${PODS_ROOT}/Target Support Files/Pods-HHVDoctorSDK-demo/Pods-HHVDoctorSDK-demo-frameworks.sh\"\n";
			showEnvVarsInLog = 0;
		};
		CCD72CBD9AF0838F9DF84BDC /* [CP] Copy Pods Resources */ = {
			isa = PBXShellScriptBuildPhase;
			buildActionMask = 2147483647;
			files = (
			);
			inputFileListPaths = (
				"${PODS_ROOT}/Target Support Files/Pods-HHVDoctorSDK-demo/Pods-HHVDoctorSDK-demo-resources-${CONFIGURATION}-input-files.xcfilelist",
			);
			name = "[CP] Copy Pods Resources";
			outputFileListPaths = (
				"${PODS_ROOT}/Target Support Files/Pods-HHVDoctorSDK-demo/Pods-HHVDoctorSDK-demo-resources-${CONFIGURATION}-output-files.xcfilelist",
			);
			runOnlyForDeploymentPostprocessing = 0;
			shellPath = /bin/sh;
			shellScript = "\"${PODS_ROOT}/Target Support Files/Pods-HHVDoctorSDK-demo/Pods-HHVDoctorSDK-demo-resources.sh\"\n";
			showEnvVarsInLog = 0;
		};
/* End PBXShellScriptBuildPhase section */

/* Begin PBXSourcesBuildPhase section */
		951FD76722CEF778006CCCDB /* Sources */ = {
			isa = PBXSourcesBuildPhase;
			buildActionMask = 2147483647;
			files = (
				951FD77122CEF778006CCCDB /* ViewController.swift in Sources */,
				951FD76F22CEF778006CCCDB /* AppDelegate.swift in Sources */,
				95B84B5A230D269A00AEEDAB /* HHLogManager.swift in Sources */,
				951FD78222CEFB2C006CCCDB /* HHWebBrowser.swift in Sources */,
			);
			runOnlyForDeploymentPostprocessing = 0;
		};
/* End PBXSourcesBuildPhase section */

/* Begin PBXVariantGroup section */
		951FD77222CEF778006CCCDB /* Main.storyboard */ = {
			isa = PBXVariantGroup;
			children = (
				951FD77322CEF778006CCCDB /* Base */,
			);
			name = Main.storyboard;
			sourceTree = "<group>";
		};
		951FD77722CEF77A006CCCDB /* LaunchScreen.storyboard */ = {
			isa = PBXVariantGroup;
			children = (
				951FD77822CEF77A006CCCDB /* Base */,
			);
			name = LaunchScreen.storyboard;
			sourceTree = "<group>";
		};
/* End PBXVariantGroup section */

/* Begin XCBuildConfiguration section */
		951FD77B22CEF77A006CCCDB /* Debug */ = {
			isa = XCBuildConfiguration;
			buildSettings = {
				ALWAYS_SEARCH_USER_PATHS = NO;
				CLANG_ANALYZER_NONNULL = YES;
				CLANG_ANALYZER_NUMBER_OBJECT_CONVERSION = YES_AGGRESSIVE;
				CLANG_CXX_LANGUAGE_STANDARD = "gnu++14";
				CLANG_CXX_LIBRARY = "libc++";
				CLANG_ENABLE_MODULES = YES;
				CLANG_ENABLE_OBJC_ARC = YES;
				CLANG_ENABLE_OBJC_WEAK = YES;
				CLANG_WARN_BLOCK_CAPTURE_AUTORELEASING = YES;
				CLANG_WARN_BOOL_CONVERSION = YES;
				CLANG_WARN_COMMA = YES;
				CLANG_WARN_CONSTANT_CONVERSION = YES;
				CLANG_WARN_DEPRECATED_OBJC_IMPLEMENTATIONS = YES;
				CLANG_WARN_DIRECT_OBJC_ISA_USAGE = YES_ERROR;
				CLANG_WARN_DOCUMENTATION_COMMENTS = YES;
				CLANG_WARN_EMPTY_BODY = YES;
				CLANG_WARN_ENUM_CONVERSION = YES;
				CLANG_WARN_INFINITE_RECURSION = YES;
				CLANG_WARN_INT_CONVERSION = YES;
				CLANG_WARN_NON_LITERAL_NULL_CONVERSION = YES;
				CLANG_WARN_OBJC_IMPLICIT_RETAIN_SELF = YES;
				CLANG_WARN_OBJC_LITERAL_CONVERSION = YES;
				CLANG_WARN_OBJC_ROOT_CLASS = YES_ERROR;
				CLANG_WARN_RANGE_LOOP_ANALYSIS = YES;
				CLANG_WARN_STRICT_PROTOTYPES = YES;
				CLANG_WARN_SUSPICIOUS_MOVE = YES;
				CLANG_WARN_UNGUARDED_AVAILABILITY = YES_AGGRESSIVE;
				CLANG_WARN_UNREACHABLE_CODE = YES;
				CLANG_WARN__DUPLICATE_METHOD_MATCH = YES;
				CODE_SIGN_IDENTITY = "iPhone Developer";
				COPY_PHASE_STRIP = NO;
				DEBUG_INFORMATION_FORMAT = dwarf;
				ENABLE_STRICT_OBJC_MSGSEND = YES;
				ENABLE_TESTABILITY = YES;
				GCC_C_LANGUAGE_STANDARD = gnu11;
				GCC_DYNAMIC_NO_PIC = NO;
				GCC_NO_COMMON_BLOCKS = YES;
				GCC_OPTIMIZATION_LEVEL = 0;
				GCC_PREPROCESSOR_DEFINITIONS = (
					"DEBUG=1",
					"$(inherited)",
				);
				GCC_WARN_64_TO_32_BIT_CONVERSION = YES;
				GCC_WARN_ABOUT_RETURN_TYPE = YES_ERROR;
				GCC_WARN_UNDECLARED_SELECTOR = YES;
				GCC_WARN_UNINITIALIZED_AUTOS = YES_AGGRESSIVE;
				GCC_WARN_UNUSED_FUNCTION = YES;
				GCC_WARN_UNUSED_VARIABLE = YES;
				IPHONEOS_DEPLOYMENT_TARGET = 12.2;
				MTL_ENABLE_DEBUG_INFO = INCLUDE_SOURCE;
				MTL_FAST_MATH = YES;
				ONLY_ACTIVE_ARCH = YES;
				SDKROOT = iphoneos;
				SWIFT_ACTIVE_COMPILATION_CONDITIONS = DEBUG;
				SWIFT_OPTIMIZATION_LEVEL = "-Onone";
			};
			name = Debug;
		};
		951FD77C22CEF77A006CCCDB /* Release */ = {
			isa = XCBuildConfiguration;
			buildSettings = {
				ALWAYS_SEARCH_USER_PATHS = NO;
				CLANG_ANALYZER_NONNULL = YES;
				CLANG_ANALYZER_NUMBER_OBJECT_CONVERSION = YES_AGGRESSIVE;
				CLANG_CXX_LANGUAGE_STANDARD = "gnu++14";
				CLANG_CXX_LIBRARY = "libc++";
				CLANG_ENABLE_MODULES = YES;
				CLANG_ENABLE_OBJC_ARC = YES;
				CLANG_ENABLE_OBJC_WEAK = YES;
				CLANG_WARN_BLOCK_CAPTURE_AUTORELEASING = YES;
				CLANG_WARN_BOOL_CONVERSION = YES;
				CLANG_WARN_COMMA = YES;
				CLANG_WARN_CONSTANT_CONVERSION = YES;
				CLANG_WARN_DEPRECATED_OBJC_IMPLEMENTATIONS = YES;
				CLANG_WARN_DIRECT_OBJC_ISA_USAGE = YES_ERROR;
				CLANG_WARN_DOCUMENTATION_COMMENTS = YES;
				CLANG_WARN_EMPTY_BODY = YES;
				CLANG_WARN_ENUM_CONVERSION = YES;
				CLANG_WARN_INFINITE_RECURSION = YES;
				CLANG_WARN_INT_CONVERSION = YES;
				CLANG_WARN_NON_LITERAL_NULL_CONVERSION = YES;
				CLANG_WARN_OBJC_IMPLICIT_RETAIN_SELF = YES;
				CLANG_WARN_OBJC_LITERAL_CONVERSION = YES;
				CLANG_WARN_OBJC_ROOT_CLASS = YES_ERROR;
				CLANG_WARN_RANGE_LOOP_ANALYSIS = YES;
				CLANG_WARN_STRICT_PROTOTYPES = YES;
				CLANG_WARN_SUSPICIOUS_MOVE = YES;
				CLANG_WARN_UNGUARDED_AVAILABILITY = YES_AGGRESSIVE;
				CLANG_WARN_UNREACHABLE_CODE = YES;
				CLANG_WARN__DUPLICATE_METHOD_MATCH = YES;
				CODE_SIGN_IDENTITY = "iPhone Developer";
				COPY_PHASE_STRIP = NO;
				DEBUG_INFORMATION_FORMAT = "dwarf-with-dsym";
				ENABLE_NS_ASSERTIONS = NO;
				ENABLE_STRICT_OBJC_MSGSEND = YES;
				GCC_C_LANGUAGE_STANDARD = gnu11;
				GCC_NO_COMMON_BLOCKS = YES;
				GCC_WARN_64_TO_32_BIT_CONVERSION = YES;
				GCC_WARN_ABOUT_RETURN_TYPE = YES_ERROR;
				GCC_WARN_UNDECLARED_SELECTOR = YES;
				GCC_WARN_UNINITIALIZED_AUTOS = YES_AGGRESSIVE;
				GCC_WARN_UNUSED_FUNCTION = YES;
				GCC_WARN_UNUSED_VARIABLE = YES;
				IPHONEOS_DEPLOYMENT_TARGET = 12.2;
				MTL_ENABLE_DEBUG_INFO = NO;
				MTL_FAST_MATH = YES;
				SDKROOT = iphoneos;
				SWIFT_COMPILATION_MODE = wholemodule;
				SWIFT_OPTIMIZATION_LEVEL = "-O";
				VALIDATE_PRODUCT = YES;
			};
			name = Release;
		};
		951FD77E22CEF77A006CCCDB /* Debug */ = {
			isa = XCBuildConfiguration;
			baseConfigurationReference = D9890F6CD2FDC9D7564E765E /* Pods-HHVDoctorSDK-demo.debug.xcconfig */;
			buildSettings = {
				ASSETCATALOG_COMPILER_APPICON_NAME = AppIcon;
				CODE_SIGN_STYLE = Automatic;
				DEVELOPMENT_TEAM = 773A426V2P;
				ENABLE_BITCODE = NO;
				INFOPLIST_FILE = "HHVDoctorSDK-demo/Info.plist";
				IPHONEOS_DEPLOYMENT_TARGET = 9.0;
				LD_RUNPATH_SEARCH_PATHS = (
					"$(inherited)",
					"@executable_path/Frameworks",
				);
				PRODUCT_BUNDLE_IDENTIFIER = "com.ashen.HHVDoctorSDK-demo";
				PRODUCT_NAME = "$(TARGET_NAME)";
				SWIFT_VERSION = 5.0;
				TARGETED_DEVICE_FAMILY = "1,2";
			};
			name = Debug;
		};
		951FD77F22CEF77A006CCCDB /* Release */ = {
			isa = XCBuildConfiguration;
			baseConfigurationReference = 491E671FE4FA17055ECA1204 /* Pods-HHVDoctorSDK-demo.release.xcconfig */;
			buildSettings = {
				ASSETCATALOG_COMPILER_APPICON_NAME = AppIcon;
				CODE_SIGN_STYLE = Automatic;
				DEVELOPMENT_TEAM = 773A426V2P;
				ENABLE_BITCODE = NO;
				INFOPLIST_FILE = "HHVDoctorSDK-demo/Info.plist";
				IPHONEOS_DEPLOYMENT_TARGET = 9.0;
				LD_RUNPATH_SEARCH_PATHS = (
					"$(inherited)",
					"@executable_path/Frameworks",
				);
				PRODUCT_BUNDLE_IDENTIFIER = "com.ashen.HHVDoctorSDK-demo";
				PRODUCT_NAME = "$(TARGET_NAME)";
				SWIFT_VERSION = 5.0;
				TARGETED_DEVICE_FAMILY = "1,2";
			};
			name = Release;
		};
/* End XCBuildConfiguration section */

/* Begin XCConfigurationList section */
		951FD76622CEF778006CCCDB /* Build configuration list for PBXProject "HHVDoctorSDK-demo" */ = {
			isa = XCConfigurationList;
			buildConfigurations = (
				951FD77B22CEF77A006CCCDB /* Debug */,
				951FD77C22CEF77A006CCCDB /* Release */,
			);
			defaultConfigurationIsVisible = 0;
			defaultConfigurationName = Release;
		};
		951FD77D22CEF77A006CCCDB /* Build configuration list for PBXNativeTarget "HHVDoctorSDK-demo" */ = {
			isa = XCConfigurationList;
			buildConfigurations = (
				951FD77E22CEF77A006CCCDB /* Debug */,
				951FD77F22CEF77A006CCCDB /* Release */,
			);
			defaultConfigurationIsVisible = 0;
			defaultConfigurationName = Release;
		};
/* End XCConfigurationList section */
	};
	rootObject = 951FD76322CEF778006CCCDB /* Project object */;
}
