PODS:
  - HHVDoctorSDK (2.1.22):
    - HHVDoctorSDK/Base (= 2.1.22)
  - HHVDoctorSDK/Base (2.1.22)
  - SnapKit (4.2.0)

DEPENDENCIES:
  - HHVDoctorSDK (from `http://code.hh-medic.com/hh_public/hhvDoctorSDK.ios.git`)
  - SnapKit

SPEC REPOS:
  https://github.com/cocoapods/specs.git:
    - SnapKit

EXTERNAL SOURCES:
  HHVDoctorSDK:
    :git: http://code.hh-medic.com/hh_public/hhvDoctorSDK.ios.git

CHECKOUT OPTIONS:
  HHVDoctorSDK:
    :commit: 71d464833af765f17fc7d1a5e2336a93b88c2e98
    :git: http://code.hh-medic.com/hh_public/hhvDoctorSDK.ios.git

SPEC CHECKSUMS:
  HHVDoctorSDK: 337551d77f0837db798c23893d1b046bceb0bd89
  SnapKit: fe8a619752f3f27075cc9a90244d75c6c3f27e2a

PODFILE CHECKSUM: db7540ee836536e663cfa5bc958e6dab864290cf

COCOAPODS: 1.7.2
