PODS:
  - HHVDoctorSDK (2.1.2):
    - HHVDoctorSDK/Base (= 2.1.2)
  - HHVDoctorSDK/Base (2.1.2)
  - SnapKit (4.2.0)

DEPENDENCIES:
  - HHVDoctorSDK (from `http://code.hh-medic.com/hh_public/hhvDoctorSDK.ios.git`)
  - SnapKit

SPEC REPOS:
  https://github.com/cocoapods/specs.git:
    - SnapKit

EXTERNAL SOURCES:
  HHVDoctorSDK:
    :git: http://code.hh-medic.com/hh_public/hhvDoctorSDK.ios.git

CHECKOUT OPTIONS:
  HHVDoctorSDK:
    :commit: d07563951f69a0eb6554358bc5b1a486edb35334
    :git: http://code.hh-medic.com/hh_public/hhvDoctorSDK.ios.git

SPEC CHECKSUMS:
  HHVDoctorSDK: f1326822e3e4f49f8b54b693926a6f9e43043cd4
  SnapKit: fe8a619752f3f27075cc9a90244d75c6c3f27e2a

PODFILE CHECKSUM: db7540ee836536e663cfa5bc958e6dab864290cf

COCOAPODS: 1.7.2
